
Microsoft Visual Studio Solution File, Format Version 12.00
# Visual Studio Version 17
VisualStudioVersion = 17.4.33122.133
MinimumVisualStudioVersion = 10.0.40219.1
Project("{FAE04EC0-301F-11D3-BF4B-00C04F79EFBC}") = "Calculator", "Calculator\Calculator.csproj", "{9F35FC5E-3556-4571-B3BD-405222435D9D}"
EndProject
Global
	GlobalSection(SolutionConfigurationPlatforms) = preSolution
		Debug|Any CPU = Debug|Any CPU
		Release|Any CPU = Release|Any CPU
	EndGlobalSection
	GlobalSection(ProjectConfigurationPlatforms) = postSolution
		{9F35FC5E-3556-4571-B3BD-405222435D9D}.Debug|Any CPU.ActiveCfg = Debug|Any CPU
		{9F35FC5E-3556-4571-B3BD-405222435D9D}.Debug|Any CPU.Build.0 = Debug|Any CPU
		{9F35FC5E-3556-4571-B3BD-405222435D9D}.Release|Any CPU.ActiveCfg = Release|Any CPU
		{9F35FC5E-3556-4571-B3BD-405222435D9D}.Release|Any CPU.Build.0 = Release|Any CPU
	EndGlobalSection
	GlobalSection(SolutionProperties) = preSolution
		HideSolutionNode = FALSE
	EndGlobalSection
	GlobalSection(ExtensibilityGlobals) = postSolution
		SolutionGuid = {8780D2BA-8E4C-47F8-9777-DD4DF40B72E6}
	EndGlobalSection
EndGlobal
